
Microsoft Visual Studio Solution File, Format Version 12.00
# Visual Studio Version 16
VisualStudioVersion = 16.0.31025.194
MinimumVisualStudioVersion = 10.0.40219.1
Project("{FAE04EC0-301F-11D3-BF4B-00C04F79EFBC}") = "TNG_plugin", "TNG_plugin.csproj", "{7CDB9B5E-BE04-4B04-BEF5-F329C4D55C4C}"
EndProject
Global
	GlobalSection(SolutionConfigurationPlatforms) = preSolution
		Debug|Any CPU = Debug|Any CPU
		Release|Any CPU = Release|Any CPU
	EndGlobalSection
	GlobalSection(ProjectConfigurationPlatforms) = postSolution
		{7CDB9B5E-BE04-4B04-BEF5-F329C4D55C4C}.Debug|Any CPU.ActiveCfg = Debug|Any CPU
		{7CDB9B5E-BE04-4B04-BEF5-F329C4D55C4C}.Debug|Any CPU.Build.0 = Debug|Any CPU
		{7CDB9B5E-BE04-4B04-BEF5-F329C4D55C4C}.Release|Any CPU.ActiveCfg = Release|Any CPU
		{7CDB9B5E-BE04-4B04-BEF5-F329C4D55C4C}.Release|Any CPU.Build.0 = Release|Any CPU
	EndGlobalSection
	GlobalSection(SolutionProperties) = preSolution
		HideSolutionNode = FALSE
	EndGlobalSection
	GlobalSection(ExtensibilityGlobals) = postSolution
		SolutionGuid = {554107B0-11ED-4B3C-ACF4-FF7BDF317D9E}
	EndGlobalSection
EndGlobal
